
Microsoft Visual Studio Solution File, Format Version 12.00
# Visual Studio 15
Project("{FAE04EC0-301F-11D3-BF4B-00C04F79EFBC}") = "XFChatAppSample.Android", "XFChatAppSample.Android\XFChatAppSample.Android.csproj", "{C30D192B-B6F2-454C-A5AE-A4687DD6FBDF}"
EndProject
Project("{FAE04EC0-301F-11D3-BF4B-00C04F79EFBC}") = "XFChatAppSample.iOS", "XFChatAppSample.iOS\XFChatAppSample.iOS.csproj", "{A3C7ADD1-5433-40FF-B406-1E0363065025}"
EndProject
Project("{FAE04EC0-301F-11D3-BF4B-00C04F79EFBC}") = "XFChatAppSample", "XFChatAppSample\XFChatAppSample.csproj", "{C9695B75-06F7-4750-A180-82632078BE91}"
EndProject
Global
	GlobalSection(SolutionConfigurationPlatforms) = preSolution
		Debug|Any CPU = Debug|Any CPU
		Release|Any CPU = Release|Any CPU
		Debug|iPhoneSimulator = Debug|iPhoneSimulator
		Release|iPhoneSimulator = Release|iPhoneSimulator
		Debug|iPhone = Debug|iPhone
		Release|iPhone = Release|iPhone
	EndGlobalSection
	GlobalSection(ProjectConfigurationPlatforms) = postSolution
		{C30D192B-B6F2-454C-A5AE-A4687DD6FBDF}.Debug|Any CPU.ActiveCfg = Debug|Any CPU
		{C30D192B-B6F2-454C-A5AE-A4687DD6FBDF}.Debug|Any CPU.Build.0 = Debug|Any CPU
		{C30D192B-B6F2-454C-A5AE-A4687DD6FBDF}.Release|Any CPU.ActiveCfg = Release|Any CPU
		{C30D192B-B6F2-454C-A5AE-A4687DD6FBDF}.Release|Any CPU.Build.0 = Release|Any CPU
		{C30D192B-B6F2-454C-A5AE-A4687DD6FBDF}.Debug|iPhoneSimulator.ActiveCfg = Debug|Any CPU
		{C30D192B-B6F2-454C-A5AE-A4687DD6FBDF}.Debug|iPhoneSimulator.Build.0 = Debug|Any CPU
		{C30D192B-B6F2-454C-A5AE-A4687DD6FBDF}.Release|iPhoneSimulator.ActiveCfg = Release|Any CPU
		{C30D192B-B6F2-454C-A5AE-A4687DD6FBDF}.Release|iPhoneSimulator.Build.0 = Release|Any CPU
		{C30D192B-B6F2-454C-A5AE-A4687DD6FBDF}.Debug|iPhone.ActiveCfg = Debug|Any CPU
		{C30D192B-B6F2-454C-A5AE-A4687DD6FBDF}.Debug|iPhone.Build.0 = Debug|Any CPU
		{C30D192B-B6F2-454C-A5AE-A4687DD6FBDF}.Release|iPhone.ActiveCfg = Release|Any CPU
		{C30D192B-B6F2-454C-A5AE-A4687DD6FBDF}.Release|iPhone.Build.0 = Release|Any CPU
		{A3C7ADD1-5433-40FF-B406-1E0363065025}.Debug|Any CPU.ActiveCfg = Debug|iPhoneSimulator
		{A3C7ADD1-5433-40FF-B406-1E0363065025}.Debug|Any CPU.Build.0 = Debug|iPhoneSimulator
		{A3C7ADD1-5433-40FF-B406-1E0363065025}.Release|Any CPU.ActiveCfg = Release|iPhoneSimulator
		{A3C7ADD1-5433-40FF-B406-1E0363065025}.Release|Any CPU.Build.0 = Release|iPhoneSimulator
		{A3C7ADD1-5433-40FF-B406-1E0363065025}.Debug|iPhoneSimulator.ActiveCfg = Debug|iPhoneSimulator
		{A3C7ADD1-5433-40FF-B406-1E0363065025}.Debug|iPhoneSimulator.Build.0 = Debug|iPhoneSimulator
		{A3C7ADD1-5433-40FF-B406-1E0363065025}.Release|iPhoneSimulator.ActiveCfg = Release|iPhoneSimulator
		{A3C7ADD1-5433-40FF-B406-1E0363065025}.Release|iPhoneSimulator.Build.0 = Release|iPhoneSimulator
		{A3C7ADD1-5433-40FF-B406-1E0363065025}.Debug|iPhone.ActiveCfg = Debug|iPhone
		{A3C7ADD1-5433-40FF-B406-1E0363065025}.Debug|iPhone.Build.0 = Debug|iPhone
		{A3C7ADD1-5433-40FF-B406-1E0363065025}.Release|iPhone.ActiveCfg = Release|iPhone
		{A3C7ADD1-5433-40FF-B406-1E0363065025}.Release|iPhone.Build.0 = Release|iPhone
		{C9695B75-06F7-4750-A180-82632078BE91}.Debug|Any CPU.ActiveCfg = Debug|Any CPU
		{C9695B75-06F7-4750-A180-82632078BE91}.Debug|Any CPU.Build.0 = Debug|Any CPU
		{C9695B75-06F7-4750-A180-82632078BE91}.Release|Any CPU.ActiveCfg = Release|Any CPU
		{C9695B75-06F7-4750-A180-82632078BE91}.Release|Any CPU.Build.0 = Release|Any CPU
		{C9695B75-06F7-4750-A180-82632078BE91}.Debug|iPhoneSimulator.ActiveCfg = Debug|Any CPU
		{C9695B75-06F7-4750-A180-82632078BE91}.Debug|iPhoneSimulator.Build.0 = Debug|Any CPU
		{C9695B75-06F7-4750-A180-82632078BE91}.Release|iPhoneSimulator.ActiveCfg = Release|Any CPU
		{C9695B75-06F7-4750-A180-82632078BE91}.Release|iPhoneSimulator.Build.0 = Release|Any CPU
		{C9695B75-06F7-4750-A180-82632078BE91}.Debug|iPhone.ActiveCfg = Debug|Any CPU
		{C9695B75-06F7-4750-A180-82632078BE91}.Debug|iPhone.Build.0 = Debug|Any CPU
		{C9695B75-06F7-4750-A180-82632078BE91}.Release|iPhone.ActiveCfg = Release|Any CPU
		{C9695B75-06F7-4750-A180-82632078BE91}.Release|iPhone.Build.0 = Release|Any CPU
	EndGlobalSection
EndGlobal
